schema_version: 1
captured_at: "2026-09-07T05:53:42+07:00"
runtime:
  python: 3.13.5
  torch: 2.11.0+cu128
  numpy: 2.2.6
  pyyaml: 6.0.3
  ftfy: 6.3.1
  regex: 2026.4.4
  pytest: 9.0.3
  ruff: 0.15.22
hardware:
  gpu: NVIDIA RTX 5880 Ada Generation
  gpu_memory_mib: 49140
  driver: 570.195.03
upstream:
  cico_commit: 38a4f7b00da7a858d59b7fabe5093876a84db8e0
  text_augmentation:
    recipe: cico_random_swap_v1
    behavior: one_word_swap_with_probability_0.5
    deterministic_key: seed_epoch_pair_id
    historical_textaugment_version: unpinned_by_upstream
pretrained:
  cico_ph_checkpoint:
    path: artifacts/pretrained/ph_sota.pth
    sha256: 598b822aafd1b3cd767b290410ea1191f723dc87dd096775c3670e224b6e7b9f
    source: https://drive.google.com/file/d/1Hpcn5obCcG5JHa3nLvHqX9pfrp7g6wDu/view
    archive_sha256: f02ea0b2a64123b2c8386ccb467c00143454ee6405ed4c07e074dcc712224c6c
  domain_agnostic_i3d:
    path: artifacts/pretrained/bsl5k.pth.tar
    sha256: 6430592464a357dfdaa7f31973cb684663237655fdf23f3999608d162167fc6f
    source: https://www.robots.ox.ac.uk/~vgg/research/bslattend/data/bsl5k.pth.tar
  domain_aware_i3d:
    path: artifacts/pretrained/domain_aware_I3D_H2S.pth.tar
    sha256: 99e101d696ff63131b5d44fa6e465201216604ba5d8cc773f3cefa4a96ebd518
    source: https://drive.google.com/file/d/1TbX3UjaUvXhsXSQX2UAm81nitt8tsgLq/view
    scope: how2sign_target_encoder_used_as_an_explicit_phoenix_transfer_stream
    phoenix_release_parity_expected: false
data_artifacts:
  cico_sign_features_release:
    source: https://drive.google.com/file/d/1Vb-HFZd-rhjN49sB5WwLRpIbyhiC6xTy/view
    archive_bytes: 2797376661
    archive_sha256: 9ba1956cf416df9a31ae3d1a71a3fa9a2d1e2b3724670288b608c8d4eb895c51
    extracted_scope: phoenix_test_only
    extracted_root: artifacts/sign_features
    ph_domain_agnostic_test_files: 642
    ph_domain_aware_test_files: 642
    contains_ph_train: false
    contains_ph_dev: false
  ph_all_split_reextraction:
    status: complete
    started_at: "2026-09-07T05:53:42+07:00"
    completed_at: "2026-09-07T08:57:57+07:00"
    video_root: /home/dongvk/datasets/phoenix14T/videos_phoenix/videos
    clip_frames: 16
    stride: 1
    square_resize: 256
    resize_interpolation: opencv_lanczos4
    gpu_center_resample: 224
    gpu_resample_align_corners: false
    output_dtype: float32
    domain_agnostic_root: artifacts/features_reextracted/ph_domain_agnostic
    domain_aware_transfer_root: artifacts/features_reextracted/ph_domain_aware_h2s_transfer_gpu
    temporal_metadata_root: artifacts/features_reextracted/ph_temporal_metadata
    expected_split_counts:
      train: 7096
      dev: 519
      test: 642
    domain_agnostic_split_counts:
      train: 7096
      dev: 519
      test: 642
    domain_aware_transfer_split_counts:
      train: 7096
      dev: 519
      test: 642
    failed_videos: 0
    recipe_sha256: 50045403867d7bdbee644de13e94389b5567c67b0f7f87e7218952dcde49a571
    agnostic_train_report_sha256: d70c8ae392f6a11497eb2ad850ee550cfb9bfa0978d6ffc3c21e3745b7a7963c
    aware_all_report_sha256: 7295ba001370cf44c0ba462b5562a397f6ddda70900721cfcbb33ccee4cbd2c3
  ph_batch_preflight:
    verified_at: "2026-09-07T11:13:14+07:00"
    status: passed
    batch_size: 512
    negative_pool_per_query: 511
    precision: amp_bf16
    peak_allocated_bytes: 42462040576
    peak_reserved_bytes: 44728057856
    gpu_free_after_bytes: 5700845568
    required_free_after_bytes: 4294967296
    train_manifest_sha256: f032260cf21578876fcff997bef1df0d46094635d30032edb6b01c80693ace53
notes:
  - This is the implementation runtime, not the historical CiCo environment.
  - The release checkpoint is an initialization/parity artifact, not a dev-selected teacher.
  - Official release test features remain isolated from locally extracted all-split features.
  - The downloadable domain-aware checkpoint targets How2Sign; no PH target checkpoint is claimed.
  - Golden checkpoint parity must be recorded before claiming numerical equivalence.
